// !$*UTF8*$!
{
	archiveVersion = 1;
	classes = {
	};
	objectVersion = 46;
	objects = {

/* Begin PBXBuildFile section */
		4A0B8636165EE59A005B5756 /* UIKit.framework in Frameworks */ = {isa = PBXBuildFile; fileRef = 4A0B8635165EE59A005B5756 /* UIKit.framework */; };
		4A0B8638165EE59A005B5756 /* Foundation.framework in Frameworks */ = {isa = PBXBuildFile; fileRef = 4A0B8637165EE59A005B5756 /* Foundation.framework */; };
		4A0B863A165EE59A005B5756 /* CoreGraphics.framework in Frameworks */ = {isa = PBXBuildFile; fileRef = 4A0B8639165EE59A005B5756 /* CoreGraphics.framework */; };
		4A0B8640165EE59A005B5756 /* InfoPlist.strings in Resources */ = {isa = PBXBuildFile; fileRef = 4A0B863E165EE59A005B5756 /* InfoPlist.strings */; };
		4A0B8642165EE59A005B5756 /* main.m in Sources */ = {isa = PBXBuildFile; fileRef = 4A0B8641165EE59A005B5756 /* main.m */; };
		4A0B8646165EE59A005B5756 /* AppDelegate.m in Sources */ = {isa = PBXBuildFile; fileRef = 4A0B8645165EE59A005B5756 /* AppDelegate.m */; };
		4A0B8649165EE59A005B5756 /* MainStoryboard.storyboard in Resources */ = {isa = PBXBuildFile; fileRef = 4A0B8647165EE59A005B5756 /* MainStoryboard.storyboard */; };
		4A0B864C165EE59A005B5756 /* ViewController.m in Sources */ = {isa = PBXBuildFile; fileRef = 4A0B864B165EE59A005B5756 /* ViewController.m */; };
		4A0B8681165EE917005B5756 /* QuartzCore.framework in Frameworks */ = {isa = PBXBuildFile; fileRef = 4A0B8680165EE917005B5756 /* QuartzCore.framework */; };
		4A0B8687165F1383005B5756 /* NUIDemoTableViewController.m in Sources */ = {isa = PBXBuildFile; fileRef = 4A0B8686165F1383005B5756 /* NUIDemoTableViewController.m */; };
		4A4FC6341663141D0058031B /* CoreImage.framework in Frameworks */ = {isa = PBXBuildFile; fileRef = 4A4FC62016629C4D0058031B /* CoreImage.framework */; };
		4AAAFE51166FC47500A0D34D /* NUIAppearance.m in Sources */ = {isa = PBXBuildFile; fileRef = 4AAAFE05166FC47500A0D34D /* NUIAppearance.m */; };
		4AAAFE52166FC47500A0D34D /* NUIConverter.m in Sources */ = {isa = PBXBuildFile; fileRef = 4AAAFE07166FC47500A0D34D /* NUIConverter.m */; };
		4AAAFE53166FC47500A0D34D /* NUIGraphics.m in Sources */ = {isa = PBXBuildFile; fileRef = 4AAAFE09166FC47500A0D34D /* NUIGraphics.m */; };
		4AAAFE54166FC47500A0D34D /* NUIRenderer.m in Sources */ = {isa = PBXBuildFile; fileRef = 4AAAFE0B166FC47500A0D34D /* NUIRenderer.m */; };
		4AAAFE55166FC47500A0D34D /* NUISettings.m in Sources */ = {isa = PBXBuildFile; fileRef = 4AAAFE0D166FC47500A0D34D /* NUISettings.m */; };
		4AAAFE56166FC47500A0D34D /* NUIStyleParser.m in Sources */ = {isa = PBXBuildFile; fileRef = 4AAAFE0F166FC47500A0D34D /* NUIStyleParser.m */; };
		4AAAFE57166FC47500A0D34D /* NUIUtilities.m in Sources */ = {isa = PBXBuildFile; fileRef = 4AAAFE11166FC47500A0D34D /* NUIUtilities.m */; };
		4AAAFE58166FC47500A0D34D /* NUIBarButtonItemRenderer.m in Sources */ = {isa = PBXBuildFile; fileRef = 4AAAFE14166FC47500A0D34D /* NUIBarButtonItemRenderer.m */; };
		4AAAFE59166FC47500A0D34D /* NUIButtonRenderer.m in Sources */ = {isa = PBXBuildFile; fileRef = 4AAAFE16166FC47500A0D34D /* NUIButtonRenderer.m */; };
		4AAAFE5A166FC47500A0D34D /* NUILabelRenderer.m in Sources */ = {isa = PBXBuildFile; fileRef = 4AAAFE18166FC47500A0D34D /* NUILabelRenderer.m */; };
		4AAAFE5B166FC47500A0D34D /* NUINavigationBarRenderer.m in Sources */ = {isa = PBXBuildFile; fileRef = 4AAAFE1A166FC47500A0D34D /* NUINavigationBarRenderer.m */; };
		4AAAFE5C166FC47500A0D34D /* NUINavigationItemRenderer.m in Sources */ = {isa = PBXBuildFile; fileRef = 4AAAFE1C166FC47500A0D34D /* NUINavigationItemRenderer.m */; };
		4AAAFE5D166FC47500A0D34D /* NUISegmentedControlRenderer.m in Sources */ = {isa = PBXBuildFile; fileRef = 4AAAFE1E166FC47500A0D34D /* NUISegmentedControlRenderer.m */; };
		4AAAFE5E166FC47500A0D34D /* NUITabBarRenderer.m in Sources */ = {isa = PBXBuildFile; fileRef = 4AAAFE20166FC47500A0D34D /* NUITabBarRenderer.m */; };
		4AAAFE5F166FC47500A0D34D /* NUITableViewCellRenderer.m in Sources */ = {isa = PBXBuildFile; fileRef = 4AAAFE22166FC47500A0D34D /* NUITableViewCellRenderer.m */; };
		4AAAFE60166FC47500A0D34D /* NUITextFieldRenderer.m in Sources */ = {isa = PBXBuildFile; fileRef = 4AAAFE24166FC47500A0D34D /* NUITextFieldRenderer.m */; };
		4AAAFE61166FC47500A0D34D /* NUIViewRenderer.m in Sources */ = {isa = PBXBuildFile; fileRef = 4AAAFE26166FC47500A0D34D /* NUIViewRenderer.m */; };
		4AAAFE62166FC47500A0D34D /* NUIStyle.nss in Resources */ = {isa = PBXBuildFile; fileRef = 4AAAFE27166FC47500A0D34D /* NUIStyle.nss */; };
		4AAAFE63166FC47500A0D34D /* NUIBackButtonTemplate.png in Resources */ = {isa = PBXBuildFile; fileRef = 4AAAFE29166FC47500A0D34D /* NUIBackButtonTemplate.png */; };
		4AAAFE64166FC47500A0D34D /* NUIBarButtonTemplate.png in Resources */ = {isa = PBXBuildFile; fileRef = 4AAAFE2A166FC47500A0D34D /* NUIBarButtonTemplate.png */; };
		4AAAFE65166FC47500A0D34D /* NUIViewBackground.png in Resources */ = {isa = PBXBuildFile; fileRef = 4AAAFE2B166FC47500A0D34D /* NUIViewBackground.png */; };
		4AAAFE66166FC47500A0D34D /* Blue.NUIStyle.nss in Resources */ = {isa = PBXBuildFile; fileRef = 4AAAFE2D166FC47500A0D34D /* Blue.NUIStyle.nss */; };
		4AAAFE67166FC47500A0D34D /* Default.NUIStyle.nss in Resources */ = {isa = PBXBuildFile; fileRef = 4AAAFE2E166FC47500A0D34D /* Default.NUIStyle.nss */; };
		4AAAFE68166FC47500A0D34D /* Round.NUIStyle.nss in Resources */ = {isa = PBXBuildFile; fileRef = 4AAAFE2F166FC47500A0D34D /* Round.NUIStyle.nss */; };
		4AAAFE69166FC47500A0D34D /* NUIBarButtonItem.m in Sources */ = {isa = PBXBuildFile; fileRef = 4AAAFE33166FC47500A0D34D /* NUIBarButtonItem.m */; };
		4AAAFE6A166FC47500A0D34D /* NUIButton.m in Sources */ = {isa = PBXBuildFile; fileRef = 4AAAFE35166FC47500A0D34D /* NUIButton.m */; };
		4AAAFE6B166FC47500A0D34D /* NUILabel.m in Sources */ = {isa = PBXBuildFile; fileRef = 4AAAFE37166FC47500A0D34D /* NUILabel.m */; };
		4AAAFE6C166FC47500A0D34D /* NUINavigationBar.m in Sources */ = {isa = PBXBuildFile; fileRef = 4AAAFE39166FC47500A0D34D /* NUINavigationBar.m */; };
		4AAAFE6D166FC47500A0D34D /* NUINavigationItem.m in Sources */ = {isa = PBXBuildFile; fileRef = 4AAAFE3B166FC47500A0D34D /* NUINavigationItem.m */; };
		4AAAFE6E166FC47500A0D34D /* NUISegmentedControl.m in Sources */ = {isa = PBXBuildFile; fileRef = 4AAAFE3D166FC47500A0D34D /* NUISegmentedControl.m */; };
		4AAAFE6F166FC47500A0D34D /* NUITabBar.m in Sources */ = {isa = PBXBuildFile; fileRef = 4AAAFE3F166FC47500A0D34D /* NUITabBar.m */; };
		4AAAFE70166FC47500A0D34D /* NUITableViewCell.m in Sources */ = {isa = PBXBuildFile; fileRef = 4AAAFE41166FC47500A0D34D /* NUITableViewCell.m */; };
		4AAAFE71166FC47500A0D34D /* NUITextField.m in Sources */ = {isa = PBXBuildFile; fileRef = 4AAAFE43166FC47500A0D34D /* NUITextField.m */; };
		4AAAFE72166FC47500A0D34D /* NUIView.m in Sources */ = {isa = PBXBuildFile; fileRef = 4AAAFE45166FC47500A0D34D /* NUIView.m */; };
		4AAAFE73166FC47500A0D34D /* NUILargeButton.m in Sources */ = {isa = PBXBuildFile; fileRef = 4AAAFE48166FC47500A0D34D /* NUILargeButton.m */; };
		4AAAFE74166FC47500A0D34D /* NUILargeLabel.m in Sources */ = {isa = PBXBuildFile; fileRef = 4AAAFE4A166FC47500A0D34D /* NUILargeLabel.m */; };
		4AAAFE75166FC47500A0D34D /* NUILargeTextField.m in Sources */ = {isa = PBXBuildFile; fileRef = 4AAAFE4C166FC47500A0D34D /* NUILargeTextField.m */; };
		4AAAFE76166FC47500A0D34D /* NUISmallButton.m in Sources */ = {isa = PBXBuildFile; fileRef = 4AAAFE4E166FC47500A0D34D /* NUISmallButton.m */; };
		4AAAFE77166FC47500A0D34D /* NUISmallLabel.m in Sources */ = {isa = PBXBuildFile; fileRef = 4AAAFE50166FC47500A0D34D /* NUISmallLabel.m */; };
/* End PBXBuildFile section */

/* Begin PBXFileReference section */
		4A0B8631165EE59A005B5756 /* NUIDemo.app */ = {isa = PBXFileReference; explicitFileType = wrapper.application; includeInIndex = 0; path = NUIDemo.app; sourceTree = BUILT_PRODUCTS_DIR; };
		4A0B8635165EE59A005B5756 /* UIKit.framework */ = {isa = PBXFileReference; lastKnownFileType = wrapper.framework; name = UIKit.framework; path = System/Library/Frameworks/UIKit.framework; sourceTree = SDKROOT; };
		4A0B8637165EE59A005B5756 /* Foundation.framework */ = {isa = PBXFileReference; lastKnownFileType = wrapper.framework; name = Foundation.framework; path = System/Library/Frameworks/Foundation.framework; sourceTree = SDKROOT; };
		4A0B8639165EE59A005B5756 /* CoreGraphics.framework */ = {isa = PBXFileReference; lastKnownFileType = wrapper.framework; name = CoreGraphics.framework; path = System/Library/Frameworks/CoreGraphics.framework; sourceTree = SDKROOT; };
		4A0B863D165EE59A005B5756 /* NUIDemo-Info.plist */ = {isa = PBXFileReference; lastKnownFileType = text.plist.xml; path = "NUIDemo-Info.plist"; sourceTree = "<group>"; };
		4A0B863F165EE59A005B5756 /* en */ = {isa = PBXFileReference; lastKnownFileType = text.plist.strings; name = en; path = en.lproj/InfoPlist.strings; sourceTree = "<group>"; };
		4A0B8641165EE59A005B5756 /* main.m */ = {isa = PBXFileReference; lastKnownFileType = sourcecode.c.objc; path = main.m; sourceTree = "<group>"; };
		4A0B8643165EE59A005B5756 /* NUIDemo-Prefix.pch */ = {isa = PBXFileReference; lastKnownFileType = sourcecode.c.h; path = "NUIDemo-Prefix.pch"; sourceTree = "<group>"; };
		4A0B8644165EE59A005B5756 /* AppDelegate.h */ = {isa = PBXFileReference; lastKnownFileType = sourcecode.c.h; path = AppDelegate.h; sourceTree = "<group>"; };
		4A0B8645165EE59A005B5756 /* AppDelegate.m */ = {isa = PBXFileReference; lastKnownFileType = sourcecode.c.objc; path = AppDelegate.m; sourceTree = "<group>"; };
		4A0B8648165EE59A005B5756 /* en */ = {isa = PBXFileReference; lastKnownFileType = file.storyboard; name = en; path = en.lproj/MainStoryboard.storyboard; sourceTree = "<group>"; };
		4A0B864A165EE59A005B5756 /* ViewController.h */ = {isa = PBXFileReference; lastKnownFileType = sourcecode.c.h; path = ViewController.h; sourceTree = "<group>"; };
		4A0B864B165EE59A005B5756 /* ViewController.m */ = {isa = PBXFileReference; lastKnownFileType = sourcecode.c.objc; path = ViewController.m; sourceTree = "<group>"; };
		4A0B8680165EE917005B5756 /* QuartzCore.framework */ = {isa = PBXFileReference; lastKnownFileType = wrapper.framework; name = QuartzCore.framework; path = System/Library/Frameworks/QuartzCore.framework; sourceTree = SDKROOT; };
		4A0B8685165F1382005B5756 /* NUIDemoTableViewController.h */ = {isa = PBXFileReference; fileEncoding = 4; lastKnownFileType = sourcecode.c.h; path = NUIDemoTableViewController.h; sourceTree = "<group>"; };
		4A0B8686165F1383005B5756 /* NUIDemoTableViewController.m */ = {isa = PBXFileReference; fileEncoding = 4; lastKnownFileType = sourcecode.c.objc; path = NUIDemoTableViewController.m; sourceTree = "<group>"; };
		4A4FC62016629C4D0058031B /* CoreImage.framework */ = {isa = PBXFileReference; lastKnownFileType = wrapper.framework; name = CoreImage.framework; path = System/Library/Frameworks/CoreImage.framework; sourceTree = SDKROOT; };
		4AAAFE04166FC47500A0D34D /* NUIAppearance.h */ = {isa = PBXFileReference; fileEncoding = 4; lastKnownFileType = sourcecode.c.h; path = NUIAppearance.h; sourceTree = "<group>"; };
		4AAAFE05166FC47500A0D34D /* NUIAppearance.m */ = {isa = PBXFileReference; fileEncoding = 4; lastKnownFileType = sourcecode.c.objc; path = NUIAppearance.m; sourceTree = "<group>"; };
		4AAAFE06166FC47500A0D34D /* NUIConverter.h */ = {isa = PBXFileReference; fileEncoding = 4; lastKnownFileType = sourcecode.c.h; path = NUIConverter.h; sourceTree = "<group>"; };
		4AAAFE07166FC47500A0D34D /* NUIConverter.m */ = {isa = PBXFileReference; fileEncoding = 4; lastKnownFileType = sourcecode.c.objc; path = NUIConverter.m; sourceTree = "<group>"; };
		4AAAFE08166FC47500A0D34D /* NUIGraphics.h */ = {isa = PBXFileReference; fileEncoding = 4; lastKnownFileType = sourcecode.c.h; path = NUIGraphics.h; sourceTree = "<group>"; };
		4AAAFE09166FC47500A0D34D /* NUIGraphics.m */ = {isa = PBXFileReference; fileEncoding = 4; lastKnownFileType = sourcecode.c.objc; path = NUIGraphics.m; sourceTree = "<group>"; };
		4AAAFE0A166FC47500A0D34D /* NUIRenderer.h */ = {isa = PBXFileReference; fileEncoding = 4; lastKnownFileType = sourcecode.c.h; path = NUIRenderer.h; sourceTree = "<group>"; };
		4AAAFE0B166FC47500A0D34D /* NUIRenderer.m */ = {isa = PBXFileReference; fileEncoding = 4; lastKnownFileType = sourcecode.c.objc; path = NUIRenderer.m; sourceTree = "<group>"; };
		4AAAFE0C166FC47500A0D34D /* NUISettings.h */ = {isa = PBXFileReference; fileEncoding = 4; lastKnownFileType = sourcecode.c.h; path = NUISettings.h; sourceTree = "<group>"; };
		4AAAFE0D166FC47500A0D34D /* NUISettings.m */ = {isa = PBXFileReference; fileEncoding = 4; lastKnownFileType = sourcecode.c.objc; path = NUISettings.m; sourceTree = "<group>"; };
		4AAAFE0E166FC47500A0D34D /* NUIStyleParser.h */ = {isa = PBXFileReference; fileEncoding = 4; lastKnownFileType = sourcecode.c.h; path = NUIStyleParser.h; sourceTree = "<group>"; };
		4AAAFE0F166FC47500A0D34D /* NUIStyleParser.m */ = {isa = PBXFileReference; fileEncoding = 4; lastKnownFileType = sourcecode.c.objc; path = NUIStyleParser.m; sourceTree = "<group>"; };
		4AAAFE10166FC47500A0D34D /* NUIUtilities.h */ = {isa = PBXFileReference; fileEncoding = 4; lastKnownFileType = sourcecode.c.h; path = NUIUtilities.h; sourceTree = "<group>"; };
		4AAAFE11166FC47500A0D34D /* NUIUtilities.m */ = {isa = PBXFileReference; fileEncoding = 4; lastKnownFileType = sourcecode.c.objc; path = NUIUtilities.m; sourceTree = "<group>"; };
		4AAAFE13166FC47500A0D34D /* NUIBarButtonItemRenderer.h */ = {isa = PBXFileReference; fileEncoding = 4; lastKnownFileType = sourcecode.c.h; path = NUIBarButtonItemRenderer.h; sourceTree = "<group>"; };
		4AAAFE14166FC47500A0D34D /* NUIBarButtonItemRenderer.m */ = {isa = PBXFileReference; fileEncoding = 4; lastKnownFileType = sourcecode.c.objc; path = NUIBarButtonItemRenderer.m; sourceTree = "<group>"; };
		4AAAFE15166FC47500A0D34D /* NUIButtonRenderer.h */ = {isa = PBXFileReference; fileEncoding = 4; lastKnownFileType = sourcecode.c.h; path = NUIButtonRenderer.h; sourceTree = "<group>"; };
		4AAAFE16166FC47500A0D34D /* NUIButtonRenderer.m */ = {isa = PBXFileReference; fileEncoding = 4; lastKnownFileType = sourcecode.c.objc; path = NUIButtonRenderer.m; sourceTree = "<group>"; };
		4AAAFE17166FC47500A0D34D /* NUILabelRenderer.h */ = {isa = PBXFileReference; fileEncoding = 4; lastKnownFileType = sourcecode.c.h; path = NUILabelRenderer.h; sourceTree = "<group>"; };
		4AAAFE18166FC47500A0D34D /* NUILabelRenderer.m */ = {isa = PBXFileReference; fileEncoding = 4; lastKnownFileType = sourcecode.c.objc; path = NUILabelRenderer.m; sourceTree = "<group>"; };
		4AAAFE19166FC47500A0D34D /* NUINavigationBarRenderer.h */ = {isa = PBXFileReference; fileEncoding = 4; lastKnownFileType = sourcecode.c.h; path = NUINavigationBarRenderer.h; sourceTree = "<group>"; };
		4AAAFE1A166FC47500A0D34D /* NUINavigationBarRenderer.m */ = {isa = PBXFileReference; fileEncoding = 4; lastKnownFileType = sourcecode.c.objc; path = NUINavigationBarRenderer.m; sourceTree = "<group>"; };
		4AAAFE1B166FC47500A0D34D /* NUINavigationItemRenderer.h */ = {isa = PBXFileReference; fileEncoding = 4; lastKnownFileType = sourcecode.c.h; path = NUINavigationItemRenderer.h; sourceTree = "<group>"; };
		4AAAFE1C166FC47500A0D34D /* NUINavigationItemRenderer.m */ = {isa = PBXFileReference; fileEncoding = 4; lastKnownFileType = sourcecode.c.objc; path = NUINavigationItemRenderer.m; sourceTree = "<group>"; };
		4AAAFE1D166FC47500A0D34D /* NUISegmentedControlRenderer.h */ = {isa = PBXFileReference; fileEncoding = 4; lastKnownFileType = sourcecode.c.h; path = NUISegmentedControlRenderer.h; sourceTree = "<group>"; };
		4AAAFE1E166FC47500A0D34D /* NUISegmentedControlRenderer.m */ = {isa = PBXFileReference; fileEncoding = 4; lastKnownFileType = sourcecode.c.objc; path = NUISegmentedControlRenderer.m; sourceTree = "<group>"; };
		4AAAFE1F166FC47500A0D34D /* NUITabBarRenderer.h */ = {isa = PBXFileReference; fileEncoding = 4; lastKnownFileType = sourcecode.c.h; path = NUITabBarRenderer.h; sourceTree = "<group>"; };
		4AAAFE20166FC47500A0D34D /* NUITabBarRenderer.m */ = {isa = PBXFileReference; fileEncoding = 4; lastKnownFileType = sourcecode.c.objc; path = NUITabBarRenderer.m; sourceTree = "<group>"; };
		4AAAFE21166FC47500A0D34D /* NUITableViewCellRenderer.h */ = {isa = PBXFileReference; fileEncoding = 4; lastKnownFileType = sourcecode.c.h; path = NUITableViewCellRenderer.h; sourceTree = "<group>"; };
		4AAAFE22166FC47500A0D34D /* NUITableViewCellRenderer.m */ = {isa = PBXFileReference; fileEncoding = 4; lastKnownFileType = sourcecode.c.objc; path = NUITableViewCellRenderer.m; sourceTree = "<group>"; };
		4AAAFE23166FC47500A0D34D /* NUITextFieldRenderer.h */ = {isa = PBXFileReference; fileEncoding = 4; lastKnownFileType = sourcecode.c.h; path = NUITextFieldRenderer.h; sourceTree = "<group>"; };
		4AAAFE24166FC47500A0D34D /* NUITextFieldRenderer.m */ = {isa = PBXFileReference; fileEncoding = 4; lastKnownFileType = sourcecode.c.objc; path = NUITextFieldRenderer.m; sourceTree = "<group>"; };
		4AAAFE25166FC47500A0D34D /* NUIViewRenderer.h */ = {isa = PBXFileReference; fileEncoding = 4; lastKnownFileType = sourcecode.c.h; path = NUIViewRenderer.h; sourceTree = "<group>"; };
		4AAAFE26166FC47500A0D34D /* NUIViewRenderer.m */ = {isa = PBXFileReference; fileEncoding = 4; lastKnownFileType = sourcecode.c.objc; path = NUIViewRenderer.m; sourceTree = "<group>"; };
		4AAAFE27166FC47500A0D34D /* NUIStyle.nss */ = {isa = PBXFileReference; fileEncoding = 4; lastKnownFileType = text; path = NUIStyle.nss; sourceTree = "<group>"; };
		4AAAFE29166FC47500A0D34D /* NUIBackButtonTemplate.png */ = {isa = PBXFileReference; lastKnownFileType = image.png; path = NUIBackButtonTemplate.png; sourceTree = "<group>"; };
		4AAAFE2A166FC47500A0D34D /* NUIBarButtonTemplate.png */ = {isa = PBXFileReference; lastKnownFileType = image.png; path = NUIBarButtonTemplate.png; sourceTree = "<group>"; };
		4AAAFE2B166FC47500A0D34D /* NUIViewBackground.png */ = {isa = PBXFileReference; lastKnownFileType = image.png; path = NUIViewBackground.png; sourceTree = "<group>"; };
		4AAAFE2D166FC47500A0D34D /* Blue.NUIStyle.nss */ = {isa = PBXFileReference; fileEncoding = 4; lastKnownFileType = text; path = Blue.NUIStyle.nss; sourceTree = "<group>"; };
		4AAAFE2E166FC47500A0D34D /* Default.NUIStyle.nss */ = {isa = PBXFileReference; fileEncoding = 4; lastKnownFileType = text; path = Default.NUIStyle.nss; sourceTree = "<group>"; };
		4AAAFE2F166FC47500A0D34D /* Round.NUIStyle.nss */ = {isa = PBXFileReference; fileEncoding = 4; lastKnownFileType = text; path = Round.NUIStyle.nss; sourceTree = "<group>"; };
		4AAAFE32166FC47500A0D34D /* NUIBarButtonItem.h */ = {isa = PBXFileReference; fileEncoding = 4; lastKnownFileType = sourcecode.c.h; path = NUIBarButtonItem.h; sourceTree = "<group>"; };
		4AAAFE33166FC47500A0D34D /* NUIBarButtonItem.m */ = {isa = PBXFileReference; fileEncoding = 4; lastKnownFileType = sourcecode.c.objc; path = NUIBarButtonItem.m; sourceTree = "<group>"; };
		4AAAFE34166FC47500A0D34D /* NUIButton.h */ = {isa = PBXFileReference; fileEncoding = 4; lastKnownFileType = sourcecode.c.h; path = NUIButton.h; sourceTree = "<group>"; };
		4AAAFE35166FC47500A0D34D /* NUIButton.m */ = {isa = PBXFileReference; fileEncoding = 4; lastKnownFileType = sourcecode.c.objc; path = NUIButton.m; sourceTree = "<group>"; };
		4AAAFE36166FC47500A0D34D /* NUILabel.h */ = {isa = PBXFileReference; fileEncoding = 4; lastKnownFileType = sourcecode.c.h; path = NUILabel.h; sourceTree = "<group>"; };
		4AAAFE37166FC47500A0D34D /* NUILabel.m */ = {isa = PBXFileReference; fileEncoding = 4; lastKnownFileType = sourcecode.c.objc; path = NUILabel.m; sourceTree = "<group>"; };
		4AAAFE38166FC47500A0D34D /* NUINavigationBar.h */ = {isa = PBXFileReference; fileEncoding = 4; lastKnownFileType = sourcecode.c.h; path = NUINavigationBar.h; sourceTree = "<group>"; };
		4AAAFE39166FC47500A0D34D /* NUINavigationBar.m */ = {isa = PBXFileReference; fileEncoding = 4; lastKnownFileType = sourcecode.c.objc; path = NUINavigationBar.m; sourceTree = "<group>"; };
		4AAAFE3A166FC47500A0D34D /* NUINavigationItem.h */ = {isa = PBXFileReference; fileEncoding = 4; lastKnownFileType = sourcecode.c.h; path = NUINavigationItem.h; sourceTree = "<group>"; };
		4AAAFE3B166FC47500A0D34D /* NUINavigationItem.m */ = {isa = PBXFileReference; fileEncoding = 4; lastKnownFileType = sourcecode.c.objc; path = NUINavigationItem.m; sourceTree = "<group>"; };
		4AAAFE3C166FC47500A0D34D /* NUISegmentedControl.h */ = {isa = PBXFileReference; fileEncoding = 4; lastKnownFileType = sourcecode.c.h; path = NUISegmentedControl.h; sourceTree = "<group>"; };
		4AAAFE3D166FC47500A0D34D /* NUISegmentedControl.m */ = {isa = PBXFileReference; fileEncoding = 4; lastKnownFileType = sourcecode.c.objc; path = NUISegmentedControl.m; sourceTree = "<group>"; };
		4AAAFE3E166FC47500A0D34D /* NUITabBar.h */ = {isa = PBXFileReference; fileEncoding = 4; lastKnownFileType = sourcecode.c.h; path = NUITabBar.h; sourceTree = "<group>"; };
		4AAAFE3F166FC47500A0D34D /* NUITabBar.m */ = {isa = PBXFileReference; fileEncoding = 4; lastKnownFileType = sourcecode.c.objc; path = NUITabBar.m; sourceTree = "<group>"; };
		4AAAFE40166FC47500A0D34D /* NUITableViewCell.h */ = {isa = PBXFileReference; fileEncoding = 4; lastKnownFileType = sourcecode.c.h; path = NUITableViewCell.h; sourceTree = "<group>"; };
		4AAAFE41166FC47500A0D34D /* NUITableViewCell.m */ = {isa = PBXFileReference; fileEncoding = 4; lastKnownFileType = sourcecode.c.objc; path = NUITableViewCell.m; sourceTree = "<group>"; };
		4AAAFE42166FC47500A0D34D /* NUITextField.h */ = {isa = PBXFileReference; fileEncoding = 4; lastKnownFileType = sourcecode.c.h; path = NUITextField.h; sourceTree = "<group>"; };
		4AAAFE43166FC47500A0D34D /* NUITextField.m */ = {isa = PBXFileReference; fileEncoding = 4; lastKnownFileType = sourcecode.c.objc; path = NUITextField.m; sourceTree = "<group>"; };
		4AAAFE44166FC47500A0D34D /* NUIView.h */ = {isa = PBXFileReference; fileEncoding = 4; lastKnownFileType = sourcecode.c.h; path = NUIView.h; sourceTree = "<group>"; };
		4AAAFE45166FC47500A0D34D /* NUIView.m */ = {isa = PBXFileReference; fileEncoding = 4; lastKnownFileType = sourcecode.c.objc; path = NUIView.m; sourceTree = "<group>"; };
		4AAAFE47166FC47500A0D34D /* NUILargeButton.h */ = {isa = PBXFileReference; fileEncoding = 4; lastKnownFileType = sourcecode.c.h; path = NUILargeButton.h; sourceTree = "<group>"; };
		4AAAFE48166FC47500A0D34D /* NUILargeButton.m */ = {isa = PBXFileReference; fileEncoding = 4; lastKnownFileType = sourcecode.c.objc; path = NUILargeButton.m; sourceTree = "<group>"; };
		4AAAFE49166FC47500A0D34D /* NUILargeLabel.h */ = {isa = PBXFileReference; fileEncoding = 4; lastKnownFileType = sourcecode.c.h; path = NUILargeLabel.h; sourceTree = "<group>"; };
		4AAAFE4A166FC47500A0D34D /* NUILargeLabel.m */ = {isa = PBXFileReference; fileEncoding = 4; lastKnownFileType = sourcecode.c.objc; path = NUILargeLabel.m; sourceTree = "<group>"; };
		4AAAFE4B166FC47500A0D34D /* NUILargeTextField.h */ = {isa = PBXFileReference; fileEncoding = 4; lastKnownFileType = sourcecode.c.h; path = NUILargeTextField.h; sourceTree = "<group>"; };
		4AAAFE4C166FC47500A0D34D /* NUILargeTextField.m */ = {isa = PBXFileReference; fileEncoding = 4; lastKnownFileType = sourcecode.c.objc; path = NUILargeTextField.m; sourceTree = "<group>"; };
		4AAAFE4D166FC47500A0D34D /* NUISmallButton.h */ = {isa = PBXFileReference; fileEncoding = 4; lastKnownFileType = sourcecode.c.h; path = NUISmallButton.h; sourceTree = "<group>"; };
		4AAAFE4E166FC47500A0D34D /* NUISmallButton.m */ = {isa = PBXFileReference; fileEncoding = 4; lastKnownFileType = sourcecode.c.objc; path = NUISmallButton.m; sourceTree = "<group>"; };
		4AAAFE4F166FC47500A0D34D /* NUISmallLabel.h */ = {isa = PBXFileReference; fileEncoding = 4; lastKnownFileType = sourcecode.c.h; path = NUISmallLabel.h; sourceTree = "<group>"; };
		4AAAFE50166FC47500A0D34D /* NUISmallLabel.m */ = {isa = PBXFileReference; fileEncoding = 4; lastKnownFileType = sourcecode.c.objc; path = NUISmallLabel.m; sourceTree = "<group>"; };
/* End PBXFileReference section */

/* Begin PBXFrameworksBuildPhase section */
		4A0B862E165EE59A005B5756 /* Frameworks */ = {
			isa = PBXFrameworksBuildPhase;
			buildActionMask = 2147483647;
			files = (
				4A4FC6341663141D0058031B /* CoreImage.framework in Frameworks */,
				4A0B8681165EE917005B5756 /* QuartzCore.framework in Frameworks */,
				4A0B8636165EE59A005B5756 /* UIKit.framework in Frameworks */,
				4A0B8638165EE59A005B5756 /* Foundation.framework in Frameworks */,
				4A0B863A165EE59A005B5756 /* CoreGraphics.framework in Frameworks */,
			);
			runOnlyForDeploymentPostprocessing = 0;
		};
/* End PBXFrameworksBuildPhase section */

/* Begin PBXGroup section */
		4A0B8626165EE59A005B5756 = {
			isa = PBXGroup;
			children = (
				4A4FC62016629C4D0058031B /* CoreImage.framework */,
				4A0B8680165EE917005B5756 /* QuartzCore.framework */,
				4A0B863B165EE59A005B5756 /* NUIDemo */,
				4A0B8634165EE59A005B5756 /* Frameworks */,
				4A0B8632165EE59A005B5756 /* Products */,
			);
			sourceTree = "<group>";
		};
		4A0B8632165EE59A005B5756 /* Products */ = {
			isa = PBXGroup;
			children = (
				4A0B8631165EE59A005B5756 /* NUIDemo.app */,
			);
			name = Products;
			sourceTree = "<group>";
		};
		4A0B8634165EE59A005B5756 /* Frameworks */ = {
			isa = PBXGroup;
			children = (
				4A0B8635165EE59A005B5756 /* UIKit.framework */,
				4A0B8637165EE59A005B5756 /* Foundation.framework */,
				4A0B8639165EE59A005B5756 /* CoreGraphics.framework */,
			);
			name = Frameworks;
			sourceTree = "<group>";
		};
		4A0B863B165EE59A005B5756 /* NUIDemo */ = {
			isa = PBXGroup;
			children = (
				4A0B8644165EE59A005B5756 /* AppDelegate.h */,
				4A0B8645165EE59A005B5756 /* AppDelegate.m */,
				4A0B8647165EE59A005B5756 /* MainStoryboard.storyboard */,
				4A0B8685165F1382005B5756 /* NUIDemoTableViewController.h */,
				4A0B8686165F1383005B5756 /* NUIDemoTableViewController.m */,
				4A0B864A165EE59A005B5756 /* ViewController.h */,
				4A0B864B165EE59A005B5756 /* ViewController.m */,
				4AAAFE02166FC47500A0D34D /* NUI */,
				4A0B863C165EE59A005B5756 /* Supporting Files */,
			);
			path = NUIDemo;
			sourceTree = "<group>";
		};
		4A0B863C165EE59A005B5756 /* Supporting Files */ = {
			isa = PBXGroup;
			children = (
				4A0B863D165EE59A005B5756 /* NUIDemo-Info.plist */,
				4A0B863E165EE59A005B5756 /* InfoPlist.strings */,
				4A0B8641165EE59A005B5756 /* main.m */,
				4A0B8643165EE59A005B5756 /* NUIDemo-Prefix.pch */,
			);
			name = "Supporting Files";
			sourceTree = "<group>";
		};
		4AAAFE02166FC47500A0D34D /* NUI */ = {
			isa = PBXGroup;
			children = (
				4AAAFE27166FC47500A0D34D /* NUIStyle.nss */,
				4AAAFE03166FC47500A0D34D /* Core */,
				4AAAFE28166FC47500A0D34D /* Resources */,
				4AAAFE2C166FC47500A0D34D /* Styles */,
				4AAAFE30166FC47500A0D34D /* UI */,
			);
			path = NUI;
			sourceTree = "<group>";
		};
		4AAAFE03166FC47500A0D34D /* Core */ = {
			isa = PBXGroup;
			children = (
				4AAAFE04166FC47500A0D34D /* NUIAppearance.h */,
				4AAAFE05166FC47500A0D34D /* NUIAppearance.m */,
				4AAAFE06166FC47500A0D34D /* NUIConverter.h */,
				4AAAFE07166FC47500A0D34D /* NUIConverter.m */,
				4AAAFE08166FC47500A0D34D /* NUIGraphics.h */,
				4AAAFE09166FC47500A0D34D /* NUIGraphics.m */,
				4AAAFE0A166FC47500A0D34D /* NUIRenderer.h */,
				4AAAFE0B166FC47500A0D34D /* NUIRenderer.m */,
				4AAAFE0C166FC47500A0D34D /* NUISettings.h */,
				4AAAFE0D166FC47500A0D34D /* NUISettings.m */,
				4AAAFE0E166FC47500A0D34D /* NUIStyleParser.h */,
				4AAAFE0F166FC47500A0D34D /* NUIStyleParser.m */,
				4AAAFE10166FC47500A0D34D /* NUIUtilities.h */,
				4AAAFE11166FC47500A0D34D /* NUIUtilities.m */,
				4AAAFE12166FC47500A0D34D /* Renderers */,
			);
			path = Core;
			sourceTree = "<group>";
		};
		4AAAFE12166FC47500A0D34D /* Renderers */ = {
			isa = PBXGroup;
			children = (
				4AAAFE13166FC47500A0D34D /* NUIBarButtonItemRenderer.h */,
				4AAAFE14166FC47500A0D34D /* NUIBarButtonItemRenderer.m */,
				4AAAFE15166FC47500A0D34D /* NUIButtonRenderer.h */,
				4AAAFE16166FC47500A0D34D /* NUIButtonRenderer.m */,
				4AAAFE17166FC47500A0D34D /* NUILabelRenderer.h */,
				4AAAFE18166FC47500A0D34D /* NUILabelRenderer.m */,
				4AAAFE19166FC47500A0D34D /* NUINavigationBarRenderer.h */,
				4AAAFE1A166FC47500A0D34D /* NUINavigationBarRenderer.m */,
				4AAAFE1B166FC47500A0D34D /* NUINavigationItemRenderer.h */,
				4AAAFE1C166FC47500A0D34D /* NUINavigationItemRenderer.m */,
				4AAAFE1D166FC47500A0D34D /* NUISegmentedControlRenderer.h */,
				4AAAFE1E166FC47500A0D34D /* NUISegmentedControlRenderer.m */,
				4AAAFE1F166FC47500A0D34D /* NUITabBarRenderer.h */,
				4AAAFE20166FC47500A0D34D /* NUITabBarRenderer.m */,
				4AAAFE21166FC47500A0D34D /* NUITableViewCellRenderer.h */,
				4AAAFE22166FC47500A0D34D /* NUITableViewCellRenderer.m */,
				4AAAFE23166FC47500A0D34D /* NUITextFieldRenderer.h */,
				4AAAFE24166FC47500A0D34D /* NUITextFieldRenderer.m */,
				4AAAFE25166FC47500A0D34D /* NUIViewRenderer.h */,
				4AAAFE26166FC47500A0D34D /* NUIViewRenderer.m */,
			);
			path = Renderers;
			sourceTree = "<group>";
		};
		4AAAFE28166FC47500A0D34D /* Resources */ = {
			isa = PBXGroup;
			children = (
				4AAAFE29166FC47500A0D34D /* NUIBackButtonTemplate.png */,
				4AAAFE2A166FC47500A0D34D /* NUIBarButtonTemplate.png */,
				4AAAFE2B166FC47500A0D34D /* NUIViewBackground.png */,
			);
			path = Resources;
			sourceTree = "<group>";
		};
		4AAAFE2C166FC47500A0D34D /* Styles */ = {
			isa = PBXGroup;
			children = (
				4AAAFE2D166FC47500A0D34D /* Blue.NUIStyle.nss */,
				4AAAFE2E166FC47500A0D34D /* Default.NUIStyle.nss */,
				4AAAFE2F166FC47500A0D34D /* Round.NUIStyle.nss */,
			);
			path = Styles;
			sourceTree = "<group>";
		};
		4AAAFE30166FC47500A0D34D /* UI */ = {
			isa = PBXGroup;
			children = (
				4AAAFE31166FC47500A0D34D /* Core */,
				4AAAFE46166FC47500A0D34D /* Extensions */,
			);
			path = UI;
			sourceTree = "<group>";
		};
		4AAAFE31166FC47500A0D34D /* Core */ = {
			isa = PBXGroup;
			children = (
				4AAAFE32166FC47500A0D34D /* NUIBarButtonItem.h */,
				4AAAFE33166FC47500A0D34D /* NUIBarButtonItem.m */,
				4AAAFE34166FC47500A0D34D /* NUIButton.h */,
				4AAAFE35166FC47500A0D34D /* NUIButton.m */,
				4AAAFE36166FC47500A0D34D /* NUILabel.h */,
				4AAAFE37166FC47500A0D34D /* NUILabel.m */,
				4AAAFE38166FC47500A0D34D /* NUINavigationBar.h */,
				4AAAFE39166FC47500A0D34D /* NUINavigationBar.m */,
				4AAAFE3A166FC47500A0D34D /* NUINavigationItem.h */,
				4AAAFE3B166FC47500A0D34D /* NUINavigationItem.m */,
				4AAAFE3C166FC47500A0D34D /* NUISegmentedControl.h */,
				4AAAFE3D166FC47500A0D34D /* NUISegmentedControl.m */,
				4AAAFE3E166FC47500A0D34D /* NUITabBar.h */,
				4AAAFE3F166FC47500A0D34D /* NUITabBar.m */,
				4AAAFE40166FC47500A0D34D /* NUITableViewCell.h */,
				4AAAFE41166FC47500A0D34D /* NUITableViewCell.m */,
				4AAAFE42166FC47500A0D34D /* NUITextField.h */,
				4AAAFE43166FC47500A0D34D /* NUITextField.m */,
				4AAAFE44166FC47500A0D34D /* NUIView.h */,
				4AAAFE45166FC47500A0D34D /* NUIView.m */,
			);
			path = Core;
			sourceTree = "<group>";
		};
		4AAAFE46166FC47500A0D34D /* Extensions */ = {
			isa = PBXGroup;
			children = (
				4AAAFE47166FC47500A0D34D /* NUILargeButton.h */,
				4AAAFE48166FC47500A0D34D /* NUILargeButton.m */,
				4AAAFE49166FC47500A0D34D /* NUILargeLabel.h */,
				4AAAFE4A166FC47500A0D34D /* NUILargeLabel.m */,
				4AAAFE4B166FC47500A0D34D /* NUILargeTextField.h */,
				4AAAFE4C166FC47500A0D34D /* NUILargeTextField.m */,
				4AAAFE4D166FC47500A0D34D /* NUISmallButton.h */,
				4AAAFE4E166FC47500A0D34D /* NUISmallButton.m */,
				4AAAFE4F166FC47500A0D34D /* NUISmallLabel.h */,
				4AAAFE50166FC47500A0D34D /* NUISmallLabel.m */,
			);
			path = Extensions;
			sourceTree = "<group>";
		};
/* End PBXGroup section */

/* Begin PBXNativeTarget section */
		4A0B8630165EE59A005B5756 /* NUIDemo */ = {
			isa = PBXNativeTarget;
			buildConfigurationList = 4A0B864F165EE59A005B5756 /* Build configuration list for PBXNativeTarget "NUIDemo" */;
			buildPhases = (
				4A0B862D165EE59A005B5756 /* Sources */,
				4A0B862E165EE59A005B5756 /* Frameworks */,
				4A0B862F165EE59A005B5756 /* Resources */,
			);
			buildRules = (
			);
			dependencies = (
			);
			name = NUIDemo;
			productName = NUIDemo;
			productReference = 4A0B8631165EE59A005B5756 /* NUIDemo.app */;
			productType = "com.apple.product-type.application";
		};
/* End PBXNativeTarget section */

/* Begin PBXProject section */
		4A0B8628165EE59A005B5756 /* Project object */ = {
			isa = PBXProject;
			attributes = {
				LastUpgradeCheck = 0430;
				ORGANIZATIONNAME = "Tom Benner";
			};
			buildConfigurationList = 4A0B862B165EE59A005B5756 /* Build configuration list for PBXProject "NUIDemo" */;
			compatibilityVersion = "Xcode 3.2";
			developmentRegion = English;
			hasScannedForEncodings = 0;
			knownRegions = (
				en,
			);
			mainGroup = 4A0B8626165EE59A005B5756;
			productRefGroup = 4A0B8632165EE59A005B5756 /* Products */;
			projectDirPath = "";
			projectRoot = "";
			targets = (
				4A0B8630165EE59A005B5756 /* NUIDemo */,
			);
		};
/* End PBXProject section */

/* Begin PBXResourcesBuildPhase section */
		4A0B862F165EE59A005B5756 /* Resources */ = {
			isa = PBXResourcesBuildPhase;
			buildActionMask = 2147483647;
			files = (
				4A0B8640165EE59A005B5756 /* InfoPlist.strings in Resources */,
				4A0B8649165EE59A005B5756 /* MainStoryboard.storyboard in Resources */,
				4AAAFE62166FC47500A0D34D /* NUIStyle.nss in Resources */,
				4AAAFE63166FC47500A0D34D /* NUIBackButtonTemplate.png in Resources */,
				4AAAFE64166FC47500A0D34D /* NUIBarButtonTemplate.png in Resources */,
				4AAAFE65166FC47500A0D34D /* NUIViewBackground.png in Resources */,
				4AAAFE66166FC47500A0D34D /* Blue.NUIStyle.nss in Resources */,
				4AAAFE67166FC47500A0D34D /* Default.NUIStyle.nss in Resources */,
				4AAAFE68166FC47500A0D34D /* Round.NUIStyle.nss in Resources */,
			);
			runOnlyForDeploymentPostprocessing = 0;
		};
/* End PBXResourcesBuildPhase section */

/* Begin PBXSourcesBuildPhase section */
		4A0B862D165EE59A005B5756 /* Sources */ = {
			isa = PBXSourcesBuildPhase;
			buildActionMask = 2147483647;
			files = (
				4A0B8642165EE59A005B5756 /* main.m in Sources */,
				4A0B8646165EE59A005B5756 /* AppDelegate.m in Sources */,
				4A0B864C165EE59A005B5756 /* ViewController.m in Sources */,
				4A0B8687165F1383005B5756 /* NUIDemoTableViewController.m in Sources */,
				4AAAFE51166FC47500A0D34D /* NUIAppearance.m in Sources */,
				4AAAFE52166FC47500A0D34D /* NUIConverter.m in Sources */,
				4AAAFE53166FC47500A0D34D /* NUIGraphics.m in Sources */,
				4AAAFE54166FC47500A0D34D /* NUIRenderer.m in Sources */,
				4AAAFE55166FC47500A0D34D /* NUISettings.m in Sources */,
				4AAAFE56166FC47500A0D34D /* NUIStyleParser.m in Sources */,
				4AAAFE57166FC47500A0D34D /* NUIUtilities.m in Sources */,
				4AAAFE58166FC47500A0D34D /* NUIBarButtonItemRenderer.m in Sources */,
				4AAAFE59166FC47500A0D34D /* NUIButtonRenderer.m in Sources */,
				4AAAFE5A166FC47500A0D34D /* NUILabelRenderer.m in Sources */,
				4AAAFE5B166FC47500A0D34D /* NUINavigationBarRenderer.m in Sources */,
				4AAAFE5C166FC47500A0D34D /* NUINavigationItemRenderer.m in Sources */,
				4AAAFE5D166FC47500A0D34D /* NUISegmentedControlRenderer.m in Sources */,
				4AAAFE5E166FC47500A0D34D /* NUITabBarRenderer.m in Sources */,
				4AAAFE5F166FC47500A0D34D /* NUITableViewCellRenderer.m in Sources */,
				4AAAFE60166FC47500A0D34D /* NUITextFieldRenderer.m in Sources */,
				4AAAFE61166FC47500A0D34D /* NUIViewRenderer.m in Sources */,
				4AAAFE69166FC47500A0D34D /* NUIBarButtonItem.m in Sources */,
				4AAAFE6A166FC47500A0D34D /* NUIButton.m in Sources */,
				4AAAFE6B166FC47500A0D34D /* NUILabel.m in Sources */,
				4AAAFE6C166FC47500A0D34D /* NUINavigationBar.m in Sources */,
				4AAAFE6D166FC47500A0D34D /* NUINavigationItem.m in Sources */,
				4AAAFE6E166FC47500A0D34D /* NUISegmentedControl.m in Sources */,
				4AAAFE6F166FC47500A0D34D /* NUITabBar.m in Sources */,
				4AAAFE70166FC47500A0D34D /* NUITableViewCell.m in Sources */,
				4AAAFE71166FC47500A0D34D /* NUITextField.m in Sources */,
				4AAAFE72166FC47500A0D34D /* NUIView.m in Sources */,
				4AAAFE73166FC47500A0D34D /* NUILargeButton.m in Sources */,
				4AAAFE74166FC47500A0D34D /* NUILargeLabel.m in Sources */,
				4AAAFE75166FC47500A0D34D /* NUILargeTextField.m in Sources */,
				4AAAFE76166FC47500A0D34D /* NUISmallButton.m in Sources */,
				4AAAFE77166FC47500A0D34D /* NUISmallLabel.m in Sources */,
			);
			runOnlyForDeploymentPostprocessing = 0;
		};
/* End PBXSourcesBuildPhase section */

/* Begin PBXVariantGroup section */
		4A0B863E165EE59A005B5756 /* InfoPlist.strings */ = {
			isa = PBXVariantGroup;
			children = (
				4A0B863F165EE59A005B5756 /* en */,
			);
			name = InfoPlist.strings;
			sourceTree = "<group>";
		};
		4A0B8647165EE59A005B5756 /* MainStoryboard.storyboard */ = {
			isa = PBXVariantGroup;
			children = (
				4A0B8648165EE59A005B5756 /* en */,
			);
			name = MainStoryboard.storyboard;
			sourceTree = "<group>";
		};
/* End PBXVariantGroup section */

/* Begin XCBuildConfiguration section */
		4A0B864D165EE59A005B5756 /* Debug */ = {
			isa = XCBuildConfiguration;
			buildSettings = {
				ALWAYS_SEARCH_USER_PATHS = NO;
				ARCHS = "$(ARCHS_STANDARD_32_BIT)";
				CLANG_ENABLE_OBJC_ARC = YES;
				"CODE_SIGN_IDENTITY[sdk=iphoneos*]" = "iPhone Developer";
				COPY_PHASE_STRIP = NO;
				GCC_C_LANGUAGE_STANDARD = gnu99;
				GCC_DYNAMIC_NO_PIC = NO;
				GCC_OPTIMIZATION_LEVEL = 0;
				GCC_PREPROCESSOR_DEFINITIONS = (
					"DEBUG=1",
					"$(inherited)",
				);
				GCC_SYMBOLS_PRIVATE_EXTERN = NO;
				GCC_VERSION = com.apple.compilers.llvm.clang.1_0;
				GCC_WARN_ABOUT_RETURN_TYPE = YES;
				GCC_WARN_UNINITIALIZED_AUTOS = YES;
				GCC_WARN_UNUSED_VARIABLE = YES;
				IPHONEOS_DEPLOYMENT_TARGET = 5.1;
				SDKROOT = iphoneos;
			};
			name = Debug;
		};
		4A0B864E165EE59A005B5756 /* Release */ = {
			isa = XCBuildConfiguration;
			buildSettings = {
				ALWAYS_SEARCH_USER_PATHS = NO;
				ARCHS = "$(ARCHS_STANDARD_32_BIT)";
				CLANG_ENABLE_OBJC_ARC = YES;
				"CODE_SIGN_IDENTITY[sdk=iphoneos*]" = "iPhone Developer";
				COPY_PHASE_STRIP = YES;
				GCC_C_LANGUAGE_STANDARD = gnu99;
				GCC_VERSION = com.apple.compilers.llvm.clang.1_0;
				GCC_WARN_ABOUT_RETURN_TYPE = YES;
				GCC_WARN_UNINITIALIZED_AUTOS = YES;
				GCC_WARN_UNUSED_VARIABLE = YES;
				IPHONEOS_DEPLOYMENT_TARGET = 5.1;
				OTHER_CFLAGS = "-DNS_BLOCK_ASSERTIONS=1";
				SDKROOT = iphoneos;
				VALIDATE_PRODUCT = YES;
			};
			name = Release;
		};
		4A0B8650165EE59A005B5756 /* Debug */ = {
			isa = XCBuildConfiguration;
			buildSettings = {
				GCC_PRECOMPILE_PREFIX_HEADER = YES;
				GCC_PREFIX_HEADER = "NUIDemo/NUIDemo-Prefix.pch";
				INFOPLIST_FILE = "NUIDemo/NUIDemo-Info.plist";
				PRODUCT_NAME = "$(TARGET_NAME)";
				WRAPPER_EXTENSION = app;
			};
			name = Debug;
		};
		4A0B8651165EE59A005B5756 /* Release */ = {
			isa = XCBuildConfiguration;
			buildSettings = {
				GCC_PRECOMPILE_PREFIX_HEADER = YES;
				GCC_PREFIX_HEADER = "NUIDemo/NUIDemo-Prefix.pch";
				INFOPLIST_FILE = "NUIDemo/NUIDemo-Info.plist";
				PRODUCT_NAME = "$(TARGET_NAME)";
				WRAPPER_EXTENSION = app;
			};
			name = Release;
		};
/* End XCBuildConfiguration section */

/* Begin XCConfigurationList section */
		4A0B862B165EE59A005B5756 /* Build configuration list for PBXProject "NUIDemo" */ = {
			isa = XCConfigurationList;
			buildConfigurations = (
				4A0B864D165EE59A005B5756 /* Debug */,
				4A0B864E165EE59A005B5756 /* Release */,
			);
			defaultConfigurationIsVisible = 0;
			defaultConfigurationName = Release;
		};
		4A0B864F165EE59A005B5756 /* Build configuration list for PBXNativeTarget "NUIDemo" */ = {
			isa = XCConfigurationList;
			buildConfigurations = (
				4A0B8650165EE59A005B5756 /* Debug */,
				4A0B8651165EE59A005B5756 /* Release */,
			);
			defaultConfigurationIsVisible = 0;
			defaultConfigurationName = Release;
		};
/* End XCConfigurationList section */
	};
	rootObject = 4A0B8628165EE59A005B5756 /* Project object */;
}
