PODS:
  - FBSnapshotTestCase (1.6)
  - NUIParse (1.3)
  - UIImage+ColorFromImage (0.0.2)

DEPENDENCIES:
  - FBSnapshotTestCase (~> 1.6)
  - NUIParse
  - UIImage+ColorFromImage (= 0.0.2)

SPEC CHECKSUMS:
  FBSnapshotTestCase: 9d5fe43b29ae3a0ed8fc829477971b281038f748
  NUIParse: 2e3885ba7807477266396292626bd387d34c2338
  UIImage+ColorFromImage: b84b5f8b4dc9d996d17d2b736e1429f4a13b37e4

COCOAPODS: 0.39.0
