PODS:
  - CoreParse (1.1)

DEPENDENCIES:
  - CoreParse (from `https://github.com/phatmann/CoreParse.git`, branch `pod`)

EXTERNAL SOURCES:
  CoreParse:
    :branch: pod
    :git: https://github.com/phatmann/CoreParse.git

SPEC CHECKSUMS:
  CoreParse: c8da33c94916683f2448e3cbc51ced058aa68c45

COCOAPODS: 0.29.0
