PODS:
  - FBSnapshotTestCase (1.6)
  - NUIParse (1.2.1)

DEPENDENCIES:
  - FBSnapshotTestCase (~> 1.1)
  - NUIParse

SPEC CHECKSUMS:
  FBSnapshotTestCase: 9d5fe43b29ae3a0ed8fc829477971b281038f748
  NUIParse: 9b6d5a6b782dc654ac6c846d623885080306f07f

PODFILE CHECKSUM: e265a2d81d21da524e84f05b66ece67bcd063046

COCOAPODS: 0.39.0
